schema: '2.0'
stages:
  preprocess:
    cmd: python .\preprocess.py
    deps:
    - path: ..\..\data\playground-series-s5e9\test.csv
      hash: md5
      md5: 24d6929a3351c3a71fc6d05c8c8a940f
      size: 18873000
    - path: ..\..\data\playground-series-s5e9\train.csv
      hash: md5
      md5: 00fb07859ff3f2788c9d2ed4f4fd4b79
      size: 61825031
    - path: preprocess.py
      hash: md5
      md5: 92de96150a4753fb99ca3c2ec2b939a7
      size: 880
    outs:
    - path: ..\..\data\playground-series-s5e9\train_split.csv
      hash: md5
      md5: 13c68d7133d42d570174cf9a9691c816
      size: 46404469
    - path: ..\..\data\playground-series-s5e9\val_split.csv
      hash: md5
      md5: bfc732566ee2405648599ae41b7836ed
      size: 11601408
  train:
    cmd: python .\train.py
    deps:
    - path: ..\..\data\playground-series-s5e9\train.csv
      hash: md5
      md5: 00fb07859ff3f2788c9d2ed4f4fd4b79
      size: 61825031
    - path: ..\..\outputs\s5e9\best_params.yaml
      hash: md5
      md5: 4d65dacb143126ccdc3fd82bd2afcef9
      size: 209
    - path: train.py
      hash: md5
      md5: 6d63a333512ead32ffe2bb3fcf52bedb
      size: 888
    outs:
    - path: ..\..\outputs\s5e9\xgb_model.json
      hash: md5
      md5: e1be4c5fe25b9d53e41574a79690fd78
      size: 19205922
  tune:
    cmd: python .\tune.py
    deps:
    - path: ..\..\data\playground-series-s5e9\train_split.csv
      hash: md5
      md5: 13c68d7133d42d570174cf9a9691c816
      size: 46404469
    - path: tune.py
      hash: md5
      md5: 582f1e5013c38d6913c178232a23f8d6
      size: 2032
    outs:
    - path: ..\..\outputs\s5e9\best_params.yaml
      hash: md5
      md5: 4d65dacb143126ccdc3fd82bd2afcef9
      size: 209
  validate:
    cmd: python .\validate.py
    deps:
    - path: ..\..\data\playground-series-s5e9\val_split.csv
      hash: md5
      md5: bfc732566ee2405648599ae41b7836ed
      size: 11601408
    - path: ..\..\outputs\s5e9\xgb_model.json
      hash: md5
      md5: e1be4c5fe25b9d53e41574a79690fd78
      size: 19205922
    - path: validate.py
      hash: md5
      md5: 8be6ba9875fe7de73aa5c2ae992c0587
      size: 879
    outs:
    - path: ..\..\outputs\s5e9\metrics.yaml
      hash: md5
      md5: 55055bdae0f05116eb4e2bc778a2aec5
      size: 95
